
Microsoft Visual Studio Solution File, Format Version 12.00
# Visual Studio Version 17
VisualStudioVersion = 17.3.32825.248
MinimumVisualStudioVersion = 10.0.40219.1
Project("{9A19103F-16F7-4668-BE54-9A1E7A4F7556}") = "Blackjack", "Blackjack\Blackjack.csproj", "{CFE33DB8-97C7-4AFD-8830-E5335906C24B}"
EndProject
Project("{FAE04EC0-301F-11D3-BF4B-00C04F79EFBC}") = "BlackjackLib", "BlackjackLib\BlackjackLib.csproj", "{C3587D31-F08A-47F5-847F-E91C581C390D}"
EndProject
Global
	GlobalSection(SolutionConfigurationPlatforms) = preSolution
		Debug|Any CPU = Debug|Any CPU
		Release|Any CPU = Release|Any CPU
	EndGlobalSection
	GlobalSection(ProjectConfigurationPlatforms) = postSolution
		{CFE33DB8-97C7-4AFD-8830-E5335906C24B}.Debug|Any CPU.ActiveCfg = Debug|Any CPU
		{CFE33DB8-97C7-4AFD-8830-E5335906C24B}.Debug|Any CPU.Build.0 = Debug|Any CPU
		{CFE33DB8-97C7-4AFD-8830-E5335906C24B}.Release|Any CPU.ActiveCfg = Release|Any CPU
		{CFE33DB8-97C7-4AFD-8830-E5335906C24B}.Release|Any CPU.Build.0 = Release|Any CPU
		{C3587D31-F08A-47F5-847F-E91C581C390D}.Debug|Any CPU.ActiveCfg = Debug|Any CPU
		{C3587D31-F08A-47F5-847F-E91C581C390D}.Debug|Any CPU.Build.0 = Debug|Any CPU
		{C3587D31-F08A-47F5-847F-E91C581C390D}.Release|Any CPU.ActiveCfg = Release|Any CPU
		{C3587D31-F08A-47F5-847F-E91C581C390D}.Release|Any CPU.Build.0 = Release|Any CPU
	EndGlobalSection
	GlobalSection(SolutionProperties) = preSolution
		HideSolutionNode = FALSE
	EndGlobalSection
	GlobalSection(ExtensibilityGlobals) = postSolution
		SolutionGuid = {B416D99C-CDF9-49A1-A2AF-3B3DD763B155}
	EndGlobalSection
EndGlobal
